
Microsoft Visual Studio Solution File, Format Version 12.00
# Visual Studio 14
VisualStudioVersion = 14.0.25420.1
MinimumVisualStudioVersion = 10.0.40219.1
Project("{2150E333-8FDC-42A3-9474-1A3956D46DE8}") = "SolutionItems", "SolutionItems", "{8A49433A-3F3D-4ED8-B989-FD954722A539}"
	ProjectSection(SolutionItems) = preProject
		README.md = README.md
	EndProjectSection
EndProject
Project("{FAE04EC0-301F-11D3-BF4B-00C04F79EFBC}") = "FluentNHibernate.Domain", "FluentNHibernate.Domain\FluentNHibernate.Domain.csproj", "{2ED9CC0F-576A-4AD1-B491-9E4570F7A5D2}"
EndProject
Project("{FAE04EC0-301F-11D3-BF4B-00C04F79EFBC}") = "FluentNHibernate.Console", "FluentNHibernate.Console\FluentNHibernate.Console.csproj", "{CAD55B80-080B-4C8B-8610-F8E87A0D8EA1}"
EndProject
Project("{FAE04EC0-301F-11D3-BF4B-00C04F79EFBC}") = "FluentNHibernate.DataBaseRh", "FluentNHibernate.DataBaseRh\FluentNHibernate.DataBaseRh.csproj", "{AB07EE13-E120-49B8-86F8-7B76A3C75180}"
EndProject
Global
	GlobalSection(SolutionConfigurationPlatforms) = preSolution
		Debug|Any CPU = Debug|Any CPU
		Release|Any CPU = Release|Any CPU
	EndGlobalSection
	GlobalSection(ProjectConfigurationPlatforms) = postSolution
		{2ED9CC0F-576A-4AD1-B491-9E4570F7A5D2}.Debug|Any CPU.ActiveCfg = Debug|Any CPU
		{2ED9CC0F-576A-4AD1-B491-9E4570F7A5D2}.Debug|Any CPU.Build.0 = Debug|Any CPU
		{2ED9CC0F-576A-4AD1-B491-9E4570F7A5D2}.Release|Any CPU.ActiveCfg = Release|Any CPU
		{2ED9CC0F-576A-4AD1-B491-9E4570F7A5D2}.Release|Any CPU.Build.0 = Release|Any CPU
		{CAD55B80-080B-4C8B-8610-F8E87A0D8EA1}.Debug|Any CPU.ActiveCfg = Debug|Any CPU
		{CAD55B80-080B-4C8B-8610-F8E87A0D8EA1}.Debug|Any CPU.Build.0 = Debug|Any CPU
		{CAD55B80-080B-4C8B-8610-F8E87A0D8EA1}.Release|Any CPU.ActiveCfg = Release|Any CPU
		{CAD55B80-080B-4C8B-8610-F8E87A0D8EA1}.Release|Any CPU.Build.0 = Release|Any CPU
		{AB07EE13-E120-49B8-86F8-7B76A3C75180}.Debug|Any CPU.ActiveCfg = Debug|Any CPU
		{AB07EE13-E120-49B8-86F8-7B76A3C75180}.Debug|Any CPU.Build.0 = Debug|Any CPU
		{AB07EE13-E120-49B8-86F8-7B76A3C75180}.Release|Any CPU.ActiveCfg = Release|Any CPU
		{AB07EE13-E120-49B8-86F8-7B76A3C75180}.Release|Any CPU.Build.0 = Release|Any CPU
	EndGlobalSection
	GlobalSection(SolutionProperties) = preSolution
		HideSolutionNode = FALSE
	EndGlobalSection
EndGlobal
