
Microsoft Visual Studio Solution File, Format Version 12.00
# Visual Studio 14
VisualStudioVersion = 14.0.25420.1
MinimumVisualStudioVersion = 10.0.40219.1
Project("{FAE04EC0-301F-11D3-BF4B-00C04F79EFBC}") = "WebApplication1", "WebApplication1\WebApplication1.csproj", "{EC195304-8B2A-471A-BB5C-8E91532522AD}"
EndProject
Project("{FAE04EC0-301F-11D3-BF4B-00C04F79EFBC}") = "WebApplication1.Tests", "WebApplication1.Tests\WebApplication1.Tests.csproj", "{93859452-F8ED-4A3D-9735-4F93CC3BB341}"
EndProject
Global
	GlobalSection(SolutionConfigurationPlatforms) = preSolution
		Debug|Any CPU = Debug|Any CPU
		Release|Any CPU = Release|Any CPU
	EndGlobalSection
	GlobalSection(ProjectConfigurationPlatforms) = postSolution
		{EC195304-8B2A-471A-BB5C-8E91532522AD}.Debug|Any CPU.ActiveCfg = Debug|Any CPU
		{EC195304-8B2A-471A-BB5C-8E91532522AD}.Debug|Any CPU.Build.0 = Debug|Any CPU
		{EC195304-8B2A-471A-BB5C-8E91532522AD}.Release|Any CPU.ActiveCfg = Release|Any CPU
		{EC195304-8B2A-471A-BB5C-8E91532522AD}.Release|Any CPU.Build.0 = Release|Any CPU
		{93859452-F8ED-4A3D-9735-4F93CC3BB341}.Debug|Any CPU.ActiveCfg = Debug|Any CPU
		{93859452-F8ED-4A3D-9735-4F93CC3BB341}.Debug|Any CPU.Build.0 = Debug|Any CPU
		{93859452-F8ED-4A3D-9735-4F93CC3BB341}.Release|Any CPU.ActiveCfg = Release|Any CPU
		{93859452-F8ED-4A3D-9735-4F93CC3BB341}.Release|Any CPU.Build.0 = Release|Any CPU
	EndGlobalSection
	GlobalSection(SolutionProperties) = preSolution
		HideSolutionNode = FALSE
	EndGlobalSection
EndGlobal
